
Microsoft Visual Studio Solution File, Format Version 12.00
# Visual Studio Version 17
VisualStudioVersion = 17.11.35208.52
MinimumVisualStudioVersion = 10.0.40219.1
Project("{FAE04EC0-301F-11D3-BF4B-00C04F79EFBC}") = "Program language", "Program language\Program language.csproj", "{72BA733E-38D8-47E5-AC09-6284A3536CBF}"
EndProject
Global
	GlobalSection(SolutionConfigurationPlatforms) = preSolution
		Debug|Any CPU = Debug|Any CPU
		Release|Any CPU = Release|Any CPU
	EndGlobalSection
	GlobalSection(ProjectConfigurationPlatforms) = postSolution
		{72BA733E-38D8-47E5-AC09-6284A3536CBF}.Debug|Any CPU.ActiveCfg = Debug|Any CPU
		{72BA733E-38D8-47E5-AC09-6284A3536CBF}.Debug|Any CPU.Build.0 = Debug|Any CPU
		{72BA733E-38D8-47E5-AC09-6284A3536CBF}.Release|Any CPU.ActiveCfg = Release|Any CPU
		{72BA733E-38D8-47E5-AC09-6284A3536CBF}.Release|Any CPU.Build.0 = Release|Any CPU
	EndGlobalSection
	GlobalSection(SolutionProperties) = preSolution
		HideSolutionNode = FALSE
	EndGlobalSection
	GlobalSection(ExtensibilityGlobals) = postSolution
		SolutionGuid = {3307524D-6F6D-407B-BFA4-58147931A81D}
	EndGlobalSection
EndGlobal
